github.com/wuc656/resize v0.0.4 h1:HYfyP7jpGhjS+Xn7+0HtyeAmU3E/vEGLKoZ2Yvaum84=
github.com/wuc656/resize v0.0.4/go.mod h1:fbyehsaQ+aTa8c21UmF3RwgYJWBjD0Cnkz+Q1APsnGk=
golang.org/x/image v0.39.0 h1:skVYidAEVKgn8lZ602XO75asgXBgLj9G/FE3RbuPFww=
golang.org/x/image v0.39.0/go.mod h1:sIbmppfU+xFLPIG0FoVUTvyBMmgng1/XAMhQ2ft0hpA=
